
Microsoft Visual Studio Solution File, Format Version 12.00
# Visual Studio Version 17
VisualStudioVersion = 17.2.32526.322
MinimumVisualStudioVersion = 10.0.40219.1
Project("{8BC9CEB8-8B4A-11D0-8D11-00A0C91BC942}") = "ll1_syntax_analysis", "ll1_syntax_analysis.vcxproj", "{34CB27A1-66C0-4CD3-BC03-ABF4EC8E2215}"
EndProject
Global
	GlobalSection(SolutionConfigurationPlatforms) = preSolution
		Debug|x64 = Debug|x64
		Debug|x86 = Debug|x86
		Release|x64 = Release|x64
		Release|x86 = Release|x86
	EndGlobalSection
	GlobalSection(ProjectConfigurationPlatforms) = postSolution
		{34CB27A1-66C0-4CD3-BC03-ABF4EC8E2215}.Debug|x64.ActiveCfg = Debug|x64
		{34CB27A1-66C0-4CD3-BC03-ABF4EC8E2215}.Debug|x64.Build.0 = Debug|x64
		{34CB27A1-66C0-4CD3-BC03-ABF4EC8E2215}.Debug|x86.ActiveCfg = Debug|Win32
		{34CB27A1-66C0-4CD3-BC03-ABF4EC8E2215}.Debug|x86.Build.0 = Debug|Win32
		{34CB27A1-66C0-4CD3-BC03-ABF4EC8E2215}.Release|x64.ActiveCfg = Release|x64
		{34CB27A1-66C0-4CD3-BC03-ABF4EC8E2215}.Release|x64.Build.0 = Release|x64
		{34CB27A1-66C0-4CD3-BC03-ABF4EC8E2215}.Release|x86.ActiveCfg = Release|Win32
		{34CB27A1-66C0-4CD3-BC03-ABF4EC8E2215}.Release|x86.Build.0 = Release|Win32
	EndGlobalSection
	GlobalSection(SolutionProperties) = preSolution
		HideSolutionNode = FALSE
	EndGlobalSection
	GlobalSection(ExtensibilityGlobals) = postSolution
		SolutionGuid = {FDE154CF-7919-4A64-9798-D04F0FFB8407}
	EndGlobalSection
EndGlobal
