<?xml version="1.0" encoding="utf-8"?>
<Project ToolsVersion="4.0" xmlns="http://schemas.microsoft.com/developer/msbuild/2003">
  <ItemGroup>
    <Filter Include="源文件">
      <UniqueIdentifier>{4FC737F1-C7A5-4376-A066-2A32D752A2FF}</UniqueIdentifier>
      <Extensions>cpp;c;cc;cxx;c++;cppm;ixx;def;odl;idl;hpj;bat;asm;asmx</Extensions>
    </Filter>
    <Filter Include="头文件">
      <UniqueIdentifier>{93995380-89BD-4b04-88EB-625FBE52EBFB}</UniqueIdentifier>
      <Extensions>h;hh;hpp;hxx;h++;hm;inl;inc;ipp;xsd</Extensions>
    </Filter>
    <Filter Include="资源文件">
      <UniqueIdentifier>{67DA6AB6-F800-4c08-8B7A-83BB121AAD01}</UniqueIdentifier>
      <Extensions>rc;ico;cur;bmp;dlg;rc2;rct;bin;rgs;gif;jpg;jpeg;jpe;resx;tiff;tif;png;wav;mfcribbon-ms</Extensions>
    </Filter>
    <Filter Include="源文件\message">
      <UniqueIdentifier>{e86269b5-a62e-4e31-850d-8cc1fe838f3c}</UniqueIdentifier>
    </Filter>
    <Filter Include="源文件\util">
      <UniqueIdentifier>{8c466118-0bff-494a-b6b7-796fa1125752}</UniqueIdentifier>
    </Filter>
    <Filter Include="头文件\message">
      <UniqueIdentifier>{5a928577-8101-40cf-9b6e-6b14e4c3b7fb}</UniqueIdentifier>
    </Filter>
    <Filter Include="头文件\util">
      <UniqueIdentifier>{d1b28bf0-9cf4-40fc-909a-c18dede57556}</UniqueIdentifier>
    </Filter>
    <Filter Include="头文件\domain">
      <UniqueIdentifier>{5b4426ac-8f7d-491f-bd40-f6cbeae75235}</UniqueIdentifier>
    </Filter>
    <Filter Include="源文件\domain">
      <UniqueIdentifier>{99d25c7f-e686-4e23-a104-4335df5d1be3}</UniqueIdentifier>
    </Filter>
  </ItemGroup>
  <ItemGroup>
    <ClCompile Include="dnsrelay.c">
      <Filter>源文件</Filter>
    </ClCompile>
    <ClCompile Include="Message.c">
      <Filter>源文件\message</Filter>
    </ClCompile>
    <ClCompile Include="Domain.c">
      <Filter>源文件\domain</Filter>
    </ClCompile>
    <ClCompile Include="DomainList.c">
      <Filter>源文件\domain</Filter>
    </ClCompile>
    <ClCompile Include="Str.c">
      <Filter>源文件\util</Filter>
    </ClCompile>
  </ItemGroup>
  <ItemGroup>
    <ClInclude Include="Message.h">
      <Filter>头文件\message</Filter>
    </ClInclude>
    <ClInclude Include="Domain.h">
      <Filter>头文件\domain</Filter>
    </ClInclude>
    <ClInclude Include="DomainList.h">
      <Filter>头文件\domain</Filter>
    </ClInclude>
    <ClInclude Include="Str.h">
      <Filter>头文件\util</Filter>
    </ClInclude>
  </ItemGroup>
</Project>